// !$*UTF8*$!
{
	archiveVersion = 1;
	classes = {
	};
	objectVersion = 50;
	objects = {

/* Begin PBXBuildFile section */
		D0144FEB2298DDDB00F26307 /* AddFilterViewController.swift in Sources */ = {isa = PBXBuildFile; fileRef = D0144FEA2298DDDB00F26307 /* AddFilterViewController.swift */; };
		D0144FED2298E33F00F26307 /* ViewController+Extras.swift in Sources */ = {isa = PBXBuildFile; fileRef = D0144FEC2298E33F00F26307 /* ViewController+Extras.swift */; };
		D05D5103229CB15A0059001C /* HistoryViewController.swift in Sources */ = {isa = PBXBuildFile; fileRef = D05D5102229CB15A0059001C /* HistoryViewController.swift */; };
		D05D5105229CB30C0059001C /* FoodletteHistoryCell.swift in Sources */ = {isa = PBXBuildFile; fileRef = D05D5104229CB30C0059001C /* FoodletteHistoryCell.swift */; };
		D0B9F0A222988FDD009ABEDA /* AppDelegate.swift in Sources */ = {isa = PBXBuildFile; fileRef = D0B9F0A122988FDD009ABEDA /* AppDelegate.swift */; };
		D0B9F0A722988FDD009ABEDA /* Main.storyboard in Resources */ = {isa = PBXBuildFile; fileRef = D0B9F0A522988FDD009ABEDA /* Main.storyboard */; };
		D0B9F0A922988FDD009ABEDA /* Assets.xcassets in Resources */ = {isa = PBXBuildFile; fileRef = D0B9F0A822988FDD009ABEDA /* Assets.xcassets */; };
		D0B9F0AC22988FDD009ABEDA /* LaunchScreen.storyboard in Resources */ = {isa = PBXBuildFile; fileRef = D0B9F0AA22988FDD009ABEDA /* LaunchScreen.storyboard */; };
		D0B9F0B622988FF1009ABEDA /* Foodlette.xcdatamodeld in Sources */ = {isa = PBXBuildFile; fileRef = D0B9F0B422988FF1009ABEDA /* Foodlette.xcdatamodeld */; };
		D0B9F0B822989002009ABEDA /* DataController.swift in Sources */ = {isa = PBXBuildFile; fileRef = D0B9F0B722989002009ABEDA /* DataController.swift */; };
		D0B9F0BE2298906F009ABEDA /* FoodletteViewController.swift in Sources */ = {isa = PBXBuildFile; fileRef = D0B9F0BD2298906F009ABEDA /* FoodletteViewController.swift */; };
		D0B9F0C22298913C009ABEDA /* YelpModel.swift in Sources */ = {isa = PBXBuildFile; fileRef = D0B9F0C12298913C009ABEDA /* YelpModel.swift */; };
		D0B9F0C422989143009ABEDA /* YelpClient.swift in Sources */ = {isa = PBXBuildFile; fileRef = D0B9F0C322989143009ABEDA /* YelpClient.swift */; };
		D0B9F0C62298914D009ABEDA /* YelpResponse.swift in Sources */ = {isa = PBXBuildFile; fileRef = D0B9F0C52298914D009ABEDA /* YelpResponse.swift */; };
		D0B9F0CA229893EE009ABEDA /* FoodletteFilterCell.swift in Sources */ = {isa = PBXBuildFile; fileRef = D0B9F0C9229893EE009ABEDA /* FoodletteFilterCell.swift */; };
		D0F6F978229B5DD6002CB0B1 /* WinnerViewController.swift in Sources */ = {isa = PBXBuildFile; fileRef = D0F6F977229B5DD6002CB0B1 /* WinnerViewController.swift */; };
/* End PBXBuildFile section */

/* Begin PBXFileReference section */
		D0144FEA2298DDDB00F26307 /* AddFilterViewController.swift */ = {isa = PBXFileReference; lastKnownFileType = sourcecode.swift; path = AddFilterViewController.swift; sourceTree = "<group>"; };
		D0144FEC2298E33F00F26307 /* ViewController+Extras.swift */ = {isa = PBXFileReference; lastKnownFileType = sourcecode.swift; path = "ViewController+Extras.swift"; sourceTree = "<group>"; };
		D05D5102229CB15A0059001C /* HistoryViewController.swift */ = {isa = PBXFileReference; lastKnownFileType = sourcecode.swift; path = HistoryViewController.swift; sourceTree = "<group>"; };
		D05D5104229CB30C0059001C /* FoodletteHistoryCell.swift */ = {isa = PBXFileReference; lastKnownFileType = sourcecode.swift; path = FoodletteHistoryCell.swift; sourceTree = "<group>"; };
		D0B9F09E22988FDD009ABEDA /* Foodlette.app */ = {isa = PBXFileReference; explicitFileType = wrapper.application; includeInIndex = 0; path = Foodlette.app; sourceTree = BUILT_PRODUCTS_DIR; };
		D0B9F0A122988FDD009ABEDA /* AppDelegate.swift */ = {isa = PBXFileReference; lastKnownFileType = sourcecode.swift; path = AppDelegate.swift; sourceTree = "<group>"; };
		D0B9F0A622988FDD009ABEDA /* Base */ = {isa = PBXFileReference; lastKnownFileType = file.storyboard; name = Base; path = Base.lproj/Main.storyboard; sourceTree = "<group>"; };
		D0B9F0A822988FDD009ABEDA /* Assets.xcassets */ = {isa = PBXFileReference; lastKnownFileType = folder.assetcatalog; path = Assets.xcassets; sourceTree = "<group>"; };
		D0B9F0AB22988FDD009ABEDA /* Base */ = {isa = PBXFileReference; lastKnownFileType = file.storyboard; name = Base; path = Base.lproj/LaunchScreen.storyboard; sourceTree = "<group>"; };
		D0B9F0AD22988FDD009ABEDA /* Info.plist */ = {isa = PBXFileReference; lastKnownFileType = text.plist.xml; path = Info.plist; sourceTree = "<group>"; };
		D0B9F0B522988FF1009ABEDA /* Foodlette.xcdatamodel */ = {isa = PBXFileReference; lastKnownFileType = wrapper.xcdatamodel; path = Foodlette.xcdatamodel; sourceTree = "<group>"; };
		D0B9F0B722989002009ABEDA /* DataController.swift */ = {isa = PBXFileReference; lastKnownFileType = sourcecode.swift; path = DataController.swift; sourceTree = "<group>"; };
		D0B9F0BA2298901F009ABEDA /* README.md */ = {isa = PBXFileReference; lastKnownFileType = net.daringfireball.markdown; path = README.md; sourceTree = "<group>"; };
		D0B9F0BD2298906F009ABEDA /* FoodletteViewController.swift */ = {isa = PBXFileReference; lastKnownFileType = sourcecode.swift; path = FoodletteViewController.swift; sourceTree = "<group>"; };
		D0B9F0C12298913C009ABEDA /* YelpModel.swift */ = {isa = PBXFileReference; lastKnownFileType = sourcecode.swift; path = YelpModel.swift; sourceTree = "<group>"; };
		D0B9F0C322989143009ABEDA /* YelpClient.swift */ = {isa = PBXFileReference; lastKnownFileType = sourcecode.swift; path = YelpClient.swift; sourceTree = "<group>"; };
		D0B9F0C52298914D009ABEDA /* YelpResponse.swift */ = {isa = PBXFileReference; lastKnownFileType = sourcecode.swift; path = YelpResponse.swift; sourceTree = "<group>"; };
		D0B9F0C9229893EE009ABEDA /* FoodletteFilterCell.swift */ = {isa = PBXFileReference; lastKnownFileType = sourcecode.swift; path = FoodletteFilterCell.swift; sourceTree = "<group>"; };
		D0F6F977229B5DD6002CB0B1 /* WinnerViewController.swift */ = {isa = PBXFileReference; lastKnownFileType = sourcecode.swift; path = WinnerViewController.swift; sourceTree = "<group>"; };
/* End PBXFileReference section */

/* Begin PBXFrameworksBuildPhase section */
		D0B9F09B22988FDD009ABEDA /* Frameworks */ = {
			isa = PBXFrameworksBuildPhase;
			buildActionMask = 2147483647;
			files = (
			);
			runOnlyForDeploymentPostprocessing = 0;
		};
/* End PBXFrameworksBuildPhase section */

/* Begin PBXGroup section */
		D077AE7E22B99B8C00488F14 /* Extensions */ = {
			isa = PBXGroup;
			children = (
				D0144FEC2298E33F00F26307 /* ViewController+Extras.swift */,
			);
			path = Extensions;
			sourceTree = "<group>";
		};
		D0B9F09522988FDC009ABEDA = {
			isa = PBXGroup;
			children = (
				D0B9F0BA2298901F009ABEDA /* README.md */,
				D0B9F0A022988FDD009ABEDA /* Foodlette */,
				D0B9F09F22988FDD009ABEDA /* Products */,
			);
			sourceTree = "<group>";
		};
		D0B9F09F22988FDD009ABEDA /* Products */ = {
			isa = PBXGroup;
			children = (
				D0B9F09E22988FDD009ABEDA /* Foodlette.app */,
			);
			name = Products;
			sourceTree = "<group>";
		};
		D0B9F0A022988FDD009ABEDA /* Foodlette */ = {
			isa = PBXGroup;
			children = (
				D0B9F0AD22988FDD009ABEDA /* Info.plist */,
				D0B9F0A122988FDD009ABEDA /* AppDelegate.swift */,
				D0B9F0B322988FE5009ABEDA /* Model */,
				D0B9F0BB2298902B009ABEDA /* View */,
				D0B9F0B922989007009ABEDA /* Controller */,
				D077AE7E22B99B8C00488F14 /* Extensions */,
				D0B9F0BC22989035009ABEDA /* Supporting Files */,
			);
			path = Foodlette;
			sourceTree = "<group>";
		};
		D0B9F0B322988FE5009ABEDA /* Model */ = {
			isa = PBXGroup;
			children = (
				D0B9F0B422988FF1009ABEDA /* Foodlette.xcdatamodeld */,
				D0B9F0B722989002009ABEDA /* DataController.swift */,
				D0B9F0C022989131009ABEDA /* Data */,
				D0B9F0BF2298911F009ABEDA /* Yelp */,
			);
			path = Model;
			sourceTree = "<group>";
		};
		D0B9F0B922989007009ABEDA /* Controller */ = {
			isa = PBXGroup;
			children = (
				D0B9F0BD2298906F009ABEDA /* FoodletteViewController.swift */,
				D0F6F977229B5DD6002CB0B1 /* WinnerViewController.swift */,
				D05D5102229CB15A0059001C /* HistoryViewController.swift */,
				D0144FEA2298DDDB00F26307 /* AddFilterViewController.swift */,
			);
			path = Controller;
			sourceTree = "<group>";
		};
		D0B9F0BB2298902B009ABEDA /* View */ = {
			isa = PBXGroup;
			children = (
				D0B9F0C8229893BE009ABEDA /* Cell */,
				D0B9F0C7229893AD009ABEDA /* Storyboard */,
			);
			path = View;
			sourceTree = "<group>";
		};
		D0B9F0BC22989035009ABEDA /* Supporting Files */ = {
			isa = PBXGroup;
			children = (
				D0B9F0A822988FDD009ABEDA /* Assets.xcassets */,
			);
			path = "Supporting Files";
			sourceTree = "<group>";
		};
		D0B9F0BF2298911F009ABEDA /* Yelp */ = {
			isa = PBXGroup;
			children = (
				D0B9F0C322989143009ABEDA /* YelpClient.swift */,
				D0B9F0C52298914D009ABEDA /* YelpResponse.swift */,
			);
			path = Yelp;
			sourceTree = "<group>";
		};
		D0B9F0C022989131009ABEDA /* Data */ = {
			isa = PBXGroup;
			children = (
				D0B9F0C12298913C009ABEDA /* YelpModel.swift */,
			);
			path = Data;
			sourceTree = "<group>";
		};
		D0B9F0C7229893AD009ABEDA /* Storyboard */ = {
			isa = PBXGroup;
			children = (
				D0B9F0A522988FDD009ABEDA /* Main.storyboard */,
				D0B9F0AA22988FDD009ABEDA /* LaunchScreen.storyboard */,
			);
			path = Storyboard;
			sourceTree = "<group>";
		};
		D0B9F0C8229893BE009ABEDA /* Cell */ = {
			isa = PBXGroup;
			children = (
				D0B9F0C9229893EE009ABEDA /* FoodletteFilterCell.swift */,
				D05D5104229CB30C0059001C /* FoodletteHistoryCell.swift */,
			);
			path = Cell;
			sourceTree = "<group>";
		};
/* End PBXGroup section */

/* Begin PBXNativeTarget section */
		D0B9F09D22988FDD009ABEDA /* Foodlette */ = {
			isa = PBXNativeTarget;
			buildConfigurationList = D0B9F0B022988FDD009ABEDA /* Build configuration list for PBXNativeTarget "Foodlette" */;
			buildPhases = (
				D0B9F09A22988FDD009ABEDA /* Sources */,
				D0B9F09B22988FDD009ABEDA /* Frameworks */,
				D0B9F09C22988FDD009ABEDA /* Resources */,
			);
			buildRules = (
			);
			dependencies = (
			);
			name = Foodlette;
			productName = Foodlette;
			productReference = D0B9F09E22988FDD009ABEDA /* Foodlette.app */;
			productType = "com.apple.product-type.application";
		};
/* End PBXNativeTarget section */

/* Begin PBXProject section */
		D0B9F09622988FDC009ABEDA /* Project object */ = {
			isa = PBXProject;
			attributes = {
				LastSwiftUpdateCheck = 1020;
				LastUpgradeCheck = 1020;
				ORGANIZATIONNAME = "Justin Kampen";
				TargetAttributes = {
					D0B9F09D22988FDD009ABEDA = {
						CreatedOnToolsVersion = 10.2.1;
					};
				};
			};
			buildConfigurationList = D0B9F09922988FDC009ABEDA /* Build configuration list for PBXProject "Foodlette" */;
			compatibilityVersion = "Xcode 9.3";
			developmentRegion = en;
			hasScannedForEncodings = 0;
			knownRegions = (
				en,
				Base,
			);
			mainGroup = D0B9F09522988FDC009ABEDA;
			productRefGroup = D0B9F09F22988FDD009ABEDA /* Products */;
			projectDirPath = "";
			projectRoot = "";
			targets = (
				D0B9F09D22988FDD009ABEDA /* Foodlette */,
			);
		};
/* End PBXProject section */

/* Begin PBXResourcesBuildPhase section */
		D0B9F09C22988FDD009ABEDA /* Resources */ = {
			isa = PBXResourcesBuildPhase;
			buildActionMask = 2147483647;
			files = (
				D0B9F0AC22988FDD009ABEDA /* LaunchScreen.storyboard in Resources */,
				D0B9F0A922988FDD009ABEDA /* Assets.xcassets in Resources */,
				D0B9F0A722988FDD009ABEDA /* Main.storyboard in Resources */,
			);
			runOnlyForDeploymentPostprocessing = 0;
		};
/* End PBXResourcesBuildPhase section */

/* Begin PBXSourcesBuildPhase section */
		D0B9F09A22988FDD009ABEDA /* Sources */ = {
			isa = PBXSourcesBuildPhase;
			buildActionMask = 2147483647;
			files = (
				D0B9F0CA229893EE009ABEDA /* FoodletteFilterCell.swift in Sources */,
				D05D5105229CB30C0059001C /* FoodletteHistoryCell.swift in Sources */,
				D0144FEB2298DDDB00F26307 /* AddFilterViewController.swift in Sources */,
				D0B9F0BE2298906F009ABEDA /* FoodletteViewController.swift in Sources */,
				D05D5103229CB15A0059001C /* HistoryViewController.swift in Sources */,
				D0F6F978229B5DD6002CB0B1 /* WinnerViewController.swift in Sources */,
				D0B9F0B622988FF1009ABEDA /* Foodlette.xcdatamodeld in Sources */,
				D0B9F0B822989002009ABEDA /* DataController.swift in Sources */,
				D0B9F0A222988FDD009ABEDA /* AppDelegate.swift in Sources */,
				D0B9F0C22298913C009ABEDA /* YelpModel.swift in Sources */,
				D0144FED2298E33F00F26307 /* ViewController+Extras.swift in Sources */,
				D0B9F0C62298914D009ABEDA /* YelpResponse.swift in Sources */,
				D0B9F0C422989143009ABEDA /* YelpClient.swift in Sources */,
			);
			runOnlyForDeploymentPostprocessing = 0;
		};
/* End PBXSourcesBuildPhase section */

/* Begin PBXVariantGroup section */
		D0B9F0A522988FDD009ABEDA /* Main.storyboard */ = {
			isa = PBXVariantGroup;
			children = (
				D0B9F0A622988FDD009ABEDA /* Base */,
			);
			name = Main.storyboard;
			sourceTree = "<group>";
		};
		D0B9F0AA22988FDD009ABEDA /* LaunchScreen.storyboard */ = {
			isa = PBXVariantGroup;
			children = (
				D0B9F0AB22988FDD009ABEDA /* Base */,
			);
			name = LaunchScreen.storyboard;
			sourceTree = "<group>";
		};
/* End PBXVariantGroup section */

/* Begin XCBuildConfiguration section */
		D0B9F0AE22988FDD009ABEDA /* Debug */ = {
			isa = XCBuildConfiguration;
			buildSettings = {
				ALWAYS_SEARCH_USER_PATHS = NO;
				CLANG_ANALYZER_NONNULL = YES;
				CLANG_ANALYZER_NUMBER_OBJECT_CONVERSION = YES_AGGRESSIVE;
				CLANG_CXX_LANGUAGE_STANDARD = "gnu++14";
				CLANG_CXX_LIBRARY = "libc++";
				CLANG_ENABLE_MODULES = YES;
				CLANG_ENABLE_OBJC_ARC = YES;
				CLANG_ENABLE_OBJC_WEAK = YES;
				CLANG_WARN_BLOCK_CAPTURE_AUTORELEASING = YES;
				CLANG_WARN_BOOL_CONVERSION = YES;
				CLANG_WARN_COMMA = YES;
				CLANG_WARN_CONSTANT_CONVERSION = YES;
				CLANG_WARN_DEPRECATED_OBJC_IMPLEMENTATIONS = YES;
				CLANG_WARN_DIRECT_OBJC_ISA_USAGE = YES_ERROR;
				CLANG_WARN_DOCUMENTATION_COMMENTS = YES;
				CLANG_WARN_EMPTY_BODY = YES;
				CLANG_WARN_ENUM_CONVERSION = YES;
				CLANG_WARN_INFINITE_RECURSION = YES;
				CLANG_WARN_INT_CONVERSION = YES;
				CLANG_WARN_NON_LITERAL_NULL_CONVERSION = YES;
				CLANG_WARN_OBJC_IMPLICIT_RETAIN_SELF = YES;
				CLANG_WARN_OBJC_LITERAL_CONVERSION = YES;
				CLANG_WARN_OBJC_ROOT_CLASS = YES_ERROR;
				CLANG_WARN_RANGE_LOOP_ANALYSIS = YES;
				CLANG_WARN_STRICT_PROTOTYPES = YES;
				CLANG_WARN_SUSPICIOUS_MOVE = YES;
				CLANG_WARN_UNGUARDED_AVAILABILITY = YES_AGGRESSIVE;
				CLANG_WARN_UNREACHABLE_CODE = YES;
				CLANG_WARN__DUPLICATE_METHOD_MATCH = YES;
				CODE_SIGN_IDENTITY = "iPhone Developer";
				COPY_PHASE_STRIP = NO;
				DEBUG_INFORMATION_FORMAT = dwarf;
				ENABLE_STRICT_OBJC_MSGSEND = YES;
				ENABLE_TESTABILITY = YES;
				GCC_C_LANGUAGE_STANDARD = gnu11;
				GCC_DYNAMIC_NO_PIC = NO;
				GCC_NO_COMMON_BLOCKS = YES;
				GCC_OPTIMIZATION_LEVEL = 0;
				GCC_PREPROCESSOR_DEFINITIONS = (
					"DEBUG=1",
					"$(inherited)",
				);
				GCC_WARN_64_TO_32_BIT_CONVERSION = YES;
				GCC_WARN_ABOUT_RETURN_TYPE = YES_ERROR;
				GCC_WARN_UNDECLARED_SELECTOR = YES;
				GCC_WARN_UNINITIALIZED_AUTOS = YES_AGGRESSIVE;
				GCC_WARN_UNUSED_FUNCTION = YES;
				GCC_WARN_UNUSED_VARIABLE = YES;
				IPHONEOS_DEPLOYMENT_TARGET = 12.2;
				MTL_ENABLE_DEBUG_INFO = INCLUDE_SOURCE;
				MTL_FAST_MATH = YES;
				ONLY_ACTIVE_ARCH = YES;
				SDKROOT = iphoneos;
				SWIFT_ACTIVE_COMPILATION_CONDITIONS = DEBUG;
				SWIFT_OPTIMIZATION_LEVEL = "-Onone";
			};
			name = Debug;
		};
		D0B9F0AF22988FDD009ABEDA /* Release */ = {
			isa = XCBuildConfiguration;
			buildSettings = {
				ALWAYS_SEARCH_USER_PATHS = NO;
				CLANG_ANALYZER_NONNULL = YES;
				CLANG_ANALYZER_NUMBER_OBJECT_CONVERSION = YES_AGGRESSIVE;
				CLANG_CXX_LANGUAGE_STANDARD = "gnu++14";
				CLANG_CXX_LIBRARY = "libc++";
				CLANG_ENABLE_MODULES = YES;
				CLANG_ENABLE_OBJC_ARC = YES;
				CLANG_ENABLE_OBJC_WEAK = YES;
				CLANG_WARN_BLOCK_CAPTURE_AUTORELEASING = YES;
				CLANG_WARN_BOOL_CONVERSION = YES;
				CLANG_WARN_COMMA = YES;
				CLANG_WARN_CONSTANT_CONVERSION = YES;
				CLANG_WARN_DEPRECATED_OBJC_IMPLEMENTATIONS = YES;
				CLANG_WARN_DIRECT_OBJC_ISA_USAGE = YES_ERROR;
				CLANG_WARN_DOCUMENTATION_COMMENTS = YES;
				CLANG_WARN_EMPTY_BODY = YES;
				CLANG_WARN_ENUM_CONVERSION = YES;
				CLANG_WARN_INFINITE_RECURSION = YES;
				CLANG_WARN_INT_CONVERSION = YES;
				CLANG_WARN_NON_LITERAL_NULL_CONVERSION = YES;
				CLANG_WARN_OBJC_IMPLICIT_RETAIN_SELF = YES;
				CLANG_WARN_OBJC_LITERAL_CONVERSION = YES;
				CLANG_WARN_OBJC_ROOT_CLASS = YES_ERROR;
				CLANG_WARN_RANGE_LOOP_ANALYSIS = YES;
				CLANG_WARN_STRICT_PROTOTYPES = YES;
				CLANG_WARN_SUSPICIOUS_MOVE = YES;
				CLANG_WARN_UNGUARDED_AVAILABILITY = YES_AGGRESSIVE;
				CLANG_WARN_UNREACHABLE_CODE = YES;
				CLANG_WARN__DUPLICATE_METHOD_MATCH = YES;
				CODE_SIGN_IDENTITY = "iPhone Developer";
				COPY_PHASE_STRIP = NO;
				DEBUG_INFORMATION_FORMAT = "dwarf-with-dsym";
				ENABLE_NS_ASSERTIONS = NO;
				ENABLE_STRICT_OBJC_MSGSEND = YES;
				GCC_C_LANGUAGE_STANDARD = gnu11;
				GCC_NO_COMMON_BLOCKS = YES;
				GCC_WARN_64_TO_32_BIT_CONVERSION = YES;
				GCC_WARN_ABOUT_RETURN_TYPE = YES_ERROR;
				GCC_WARN_UNDECLARED_SELECTOR = YES;
				GCC_WARN_UNINITIALIZED_AUTOS = YES_AGGRESSIVE;
				GCC_WARN_UNUSED_FUNCTION = YES;
				GCC_WARN_UNUSED_VARIABLE = YES;
				IPHONEOS_DEPLOYMENT_TARGET = 12.2;
				MTL_ENABLE_DEBUG_INFO = NO;
				MTL_FAST_MATH = YES;
				SDKROOT = iphoneos;
				SWIFT_COMPILATION_MODE = wholemodule;
				SWIFT_OPTIMIZATION_LEVEL = "-O";
				VALIDATE_PRODUCT = YES;
			};
			name = Release;
		};
		D0B9F0B122988FDD009ABEDA /* Debug */ = {
			isa = XCBuildConfiguration;
			buildSettings = {
				ASSETCATALOG_COMPILER_APPICON_NAME = AppIcon;
				CODE_SIGN_STYLE = Automatic;
				DEVELOPMENT_TEAM = CKNQ2J3S52;
				INFOPLIST_FILE = Foodlette/Info.plist;
				LD_RUNPATH_SEARCH_PATHS = (
					"$(inherited)",
					"@executable_path/Frameworks",
				);
				PRODUCT_BUNDLE_IDENTIFIER = com.justinkampen.Foodlette;
				PRODUCT_NAME = "$(TARGET_NAME)";
				SWIFT_VERSION = 5.0;
				TARGETED_DEVICE_FAMILY = "1,2";
			};
			name = Debug;
		};
		D0B9F0B222988FDD009ABEDA /* Release */ = {
			isa = XCBuildConfiguration;
			buildSettings = {
				ASSETCATALOG_COMPILER_APPICON_NAME = AppIcon;
				CODE_SIGN_STYLE = Automatic;
				DEVELOPMENT_TEAM = CKNQ2J3S52;
				INFOPLIST_FILE = Foodlette/Info.plist;
				LD_RUNPATH_SEARCH_PATHS = (
					"$(inherited)",
					"@executable_path/Frameworks",
				);
				PRODUCT_BUNDLE_IDENTIFIER = com.justinkampen.Foodlette;
				PRODUCT_NAME = "$(TARGET_NAME)";
				SWIFT_VERSION = 5.0;
				TARGETED_DEVICE_FAMILY = "1,2";
			};
			name = Release;
		};
/* End XCBuildConfiguration section */

/* Begin XCConfigurationList section */
		D0B9F09922988FDC009ABEDA /* Build configuration list for PBXProject "Foodlette" */ = {
			isa = XCConfigurationList;
			buildConfigurations = (
				D0B9F0AE22988FDD009ABEDA /* Debug */,
				D0B9F0AF22988FDD009ABEDA /* Release */,
			);
			defaultConfigurationIsVisible = 0;
			defaultConfigurationName = Release;
		};
		D0B9F0B022988FDD009ABEDA /* Build configuration list for PBXNativeTarget "Foodlette" */ = {
			isa = XCConfigurationList;
			buildConfigurations = (
				D0B9F0B122988FDD009ABEDA /* Debug */,
				D0B9F0B222988FDD009ABEDA /* Release */,
			);
			defaultConfigurationIsVisible = 0;
			defaultConfigurationName = Release;
		};
/* End XCConfigurationList section */

/* Begin XCVersionGroup section */
		D0B9F0B422988FF1009ABEDA /* Foodlette.xcdatamodeld */ = {
			isa = XCVersionGroup;
			children = (
				D0B9F0B522988FF1009ABEDA /* Foodlette.xcdatamodel */,
			);
			currentVersion = D0B9F0B522988FF1009ABEDA /* Foodlette.xcdatamodel */;
			path = Foodlette.xcdatamodeld;
			sourceTree = "<group>";
			versionGroupType = wrapper.xcdatamodel;
		};
/* End XCVersionGroup section */
	};
	rootObject = D0B9F09622988FDC009ABEDA /* Project object */;
}
